
Microsoft Visual Studio Solution File, Format Version 12.00
# Visual Studio Version 16
VisualStudioVersion = 16.0.32106.194
MinimumVisualStudioVersion = 10.0.40219.1
Project("{FAE04EC0-301F-11D3-BF4B-00C04F79EFBC}") = "prjWin01Test", "prjWin01Test\prjWin01Test.csproj", "{A4A04FDC-0F8D-439E-90B5-4ED946336135}"
EndProject
Global
	GlobalSection(SolutionConfigurationPlatforms) = preSolution
		Debug|Any CPU = Debug|Any CPU
		Release|Any CPU = Release|Any CPU
	EndGlobalSection
	GlobalSection(ProjectConfigurationPlatforms) = postSolution
		{A4A04FDC-0F8D-439E-90B5-4ED946336135}.Debug|Any CPU.ActiveCfg = Debug|Any CPU
		{A4A04FDC-0F8D-439E-90B5-4ED946336135}.Debug|Any CPU.Build.0 = Debug|Any CPU
		{A4A04FDC-0F8D-439E-90B5-4ED946336135}.Release|Any CPU.ActiveCfg = Release|Any CPU
		{A4A04FDC-0F8D-439E-90B5-4ED946336135}.Release|Any CPU.Build.0 = Release|Any CPU
	EndGlobalSection
	GlobalSection(SolutionProperties) = preSolution
		HideSolutionNode = FALSE
	EndGlobalSection
	GlobalSection(ExtensibilityGlobals) = postSolution
		SolutionGuid = {FCA2212E-93E3-4594-803E-2BB2F99B8A38}
	EndGlobalSection
EndGlobal
