
Microsoft Visual Studio Solution File, Format Version 12.00
# Visual Studio Version 16
VisualStudioVersion = 16.0.32106.194
MinimumVisualStudioVersion = 10.0.40219.1
Project("{FAE04EC0-301F-11D3-BF4B-00C04F79EFBC}") = "prjConsCs2Chap123", "prjConsCs2Chap123\prjConsCs2Chap123.csproj", "{384C2D8D-8AB9-414B-9A31-3205B32B0F31}"
EndProject
Global
	GlobalSection(SolutionConfigurationPlatforms) = preSolution
		Debug|Any CPU = Debug|Any CPU
		Release|Any CPU = Release|Any CPU
	EndGlobalSection
	GlobalSection(ProjectConfigurationPlatforms) = postSolution
		{384C2D8D-8AB9-414B-9A31-3205B32B0F31}.Debug|Any CPU.ActiveCfg = Debug|Any CPU
		{384C2D8D-8AB9-414B-9A31-3205B32B0F31}.Debug|Any CPU.Build.0 = Debug|Any CPU
		{384C2D8D-8AB9-414B-9A31-3205B32B0F31}.Release|Any CPU.ActiveCfg = Release|Any CPU
		{384C2D8D-8AB9-414B-9A31-3205B32B0F31}.Release|Any CPU.Build.0 = Release|Any CPU
	EndGlobalSection
	GlobalSection(SolutionProperties) = preSolution
		HideSolutionNode = FALSE
	EndGlobalSection
	GlobalSection(ExtensibilityGlobals) = postSolution
		SolutionGuid = {45BC924C-40A8-4257-A926-4797CBD26BBE}
	EndGlobalSection
EndGlobal
