
Microsoft Visual Studio Solution File, Format Version 12.00
# Visual Studio Version 16
VisualStudioVersion = 16.0.32106.194
MinimumVisualStudioVersion = 10.0.40219.1
Project("{FAE04EC0-301F-11D3-BF4B-00C04F79EFBC}") = "prjWin01Test", "prjWin01Test\prjWin01Test.csproj", "{FE13383E-6379-439B-B4B2-D3E0B7BC11DC}"
EndProject
Global
	GlobalSection(SolutionConfigurationPlatforms) = preSolution
		Debug|Any CPU = Debug|Any CPU
		Release|Any CPU = Release|Any CPU
	EndGlobalSection
	GlobalSection(ProjectConfigurationPlatforms) = postSolution
		{FE13383E-6379-439B-B4B2-D3E0B7BC11DC}.Debug|Any CPU.ActiveCfg = Debug|Any CPU
		{FE13383E-6379-439B-B4B2-D3E0B7BC11DC}.Debug|Any CPU.Build.0 = Debug|Any CPU
		{FE13383E-6379-439B-B4B2-D3E0B7BC11DC}.Release|Any CPU.ActiveCfg = Release|Any CPU
		{FE13383E-6379-439B-B4B2-D3E0B7BC11DC}.Release|Any CPU.Build.0 = Release|Any CPU
	EndGlobalSection
	GlobalSection(SolutionProperties) = preSolution
		HideSolutionNode = FALSE
	EndGlobalSection
	GlobalSection(ExtensibilityGlobals) = postSolution
		SolutionGuid = {2BDD41EC-89A3-448C-B126-7671D5959061}
	EndGlobalSection
EndGlobal
